
Microsoft Visual Studio Solution File, Format Version 12.00
# Visual Studio 14
VisualStudioVersion = 14.0.25420.1
MinimumVisualStudioVersion = 10.0.40219.1
Project("{2150E333-8FDC-42A3-9474-1A3956D46DE8}") = "src", "src", "{3E1CF567-E44D-4348-B204-6E648D2C7243}"
EndProject
Project("{2150E333-8FDC-42A3-9474-1A3956D46DE8}") = "Solution Items", "Solution Items", "{7DA13826-C975-4A2D-AE6A-26C336EC6422}"
	ProjectSection(SolutionItems) = preProject
		global.json = global.json
	EndProjectSection
EndProject
Project("{8BB2217D-0F2D-49D1-97BC-3654ED321F3B}") = "IdentityServer", "src\IdentityServer\IdentityServer.xproj", "{FF67D04F-03EE-4DEA-ACDB-8CAB4411C9B7}"
EndProject
Project("{8BB2217D-0F2D-49D1-97BC-3654ED321F3B}") = "Client", "Client\Client.xproj", "{C20CF0BE-B6D7-4460-BC62-E08DB1EC19B2}"
EndProject
Global
	GlobalSection(SolutionConfigurationPlatforms) = preSolution
		Debug|Any CPU = Debug|Any CPU
		Release|Any CPU = Release|Any CPU
	EndGlobalSection
	GlobalSection(ProjectConfigurationPlatforms) = postSolution
		{FF67D04F-03EE-4DEA-ACDB-8CAB4411C9B7}.Debug|Any CPU.ActiveCfg = Debug|Any CPU
		{FF67D04F-03EE-4DEA-ACDB-8CAB4411C9B7}.Debug|Any CPU.Build.0 = Debug|Any CPU
		{FF67D04F-03EE-4DEA-ACDB-8CAB4411C9B7}.Release|Any CPU.ActiveCfg = Release|Any CPU
		{FF67D04F-03EE-4DEA-ACDB-8CAB4411C9B7}.Release|Any CPU.Build.0 = Release|Any CPU
		{C20CF0BE-B6D7-4460-BC62-E08DB1EC19B2}.Debug|Any CPU.ActiveCfg = Debug|Any CPU
		{C20CF0BE-B6D7-4460-BC62-E08DB1EC19B2}.Debug|Any CPU.Build.0 = Debug|Any CPU
		{C20CF0BE-B6D7-4460-BC62-E08DB1EC19B2}.Release|Any CPU.ActiveCfg = Release|Any CPU
		{C20CF0BE-B6D7-4460-BC62-E08DB1EC19B2}.Release|Any CPU.Build.0 = Release|Any CPU
	EndGlobalSection
	GlobalSection(SolutionProperties) = preSolution
		HideSolutionNode = FALSE
	EndGlobalSection
	GlobalSection(NestedProjects) = preSolution
		{FF67D04F-03EE-4DEA-ACDB-8CAB4411C9B7} = {3E1CF567-E44D-4348-B204-6E648D2C7243}
		{C20CF0BE-B6D7-4460-BC62-E08DB1EC19B2} = {3E1CF567-E44D-4348-B204-6E648D2C7243}
	EndGlobalSection
EndGlobal
